
Microsoft Visual Studio Solution File, Format Version 12.00
# Visual Studio Version 17
VisualStudioVersion = 17.8.34330.188
MinimumVisualStudioVersion = 10.0.40219.1
Project("{9A19103F-16F7-4668-BE54-9A1E7A4F7556}") = "CarTraders", "CarTraders\CarTraders.csproj", "{76A132B2-EB22-4594-A225-2390CF5FC4EB}"
EndProject
Project("{2150E333-8FDC-42A3-9474-1A3956D46DE8}") = "Solution Items", "Solution Items", "{6D3D39FA-773D-4897-9A65-209E614F9D47}"
EndProject
Global
	GlobalSection(SolutionConfigurationPlatforms) = preSolution
		Debug|Any CPU = Debug|Any CPU
		Release|Any CPU = Release|Any CPU
	EndGlobalSection
	GlobalSection(ProjectConfigurationPlatforms) = postSolution
		{76A132B2-EB22-4594-A225-2390CF5FC4EB}.Debug|Any CPU.ActiveCfg = Debug|Any CPU
		{76A132B2-EB22-4594-A225-2390CF5FC4EB}.Debug|Any CPU.Build.0 = Debug|Any CPU
		{76A132B2-EB22-4594-A225-2390CF5FC4EB}.Release|Any CPU.ActiveCfg = Release|Any CPU
		{76A132B2-EB22-4594-A225-2390CF5FC4EB}.Release|Any CPU.Build.0 = Release|Any CPU
	EndGlobalSection
	GlobalSection(SolutionProperties) = preSolution
		HideSolutionNode = FALSE
	EndGlobalSection
	GlobalSection(ExtensibilityGlobals) = postSolution
		SolutionGuid = {57DEE535-4519-490F-8D38-A3B9B8565A6E}
	EndGlobalSection
EndGlobal
